
Microsoft Visual Studio Solution File, Format Version 12.00
# Visual Studio Version 16
VisualStudioVersion = 16.0.30104.148
MinimumVisualStudioVersion = 10.0.40219.1
Project("{FAE04EC0-301F-11D3-BF4B-00C04F79EFBC}") = "MVCapp", "MVCapp\MVCapp.csproj", "{C2EEC28C-8F9A-4A34-9EFF-F2FFF6C6FAB8}"
EndProject
Global
	GlobalSection(SolutionConfigurationPlatforms) = preSolution
		Debug|Any CPU = Debug|Any CPU
		Release|Any CPU = Release|Any CPU
	EndGlobalSection
	GlobalSection(ProjectConfigurationPlatforms) = postSolution
		{C2EEC28C-8F9A-4A34-9EFF-F2FFF6C6FAB8}.Debug|Any CPU.ActiveCfg = Debug|Any CPU
		{C2EEC28C-8F9A-4A34-9EFF-F2FFF6C6FAB8}.Debug|Any CPU.Build.0 = Debug|Any CPU
		{C2EEC28C-8F9A-4A34-9EFF-F2FFF6C6FAB8}.Release|Any CPU.ActiveCfg = Release|Any CPU
		{C2EEC28C-8F9A-4A34-9EFF-F2FFF6C6FAB8}.Release|Any CPU.Build.0 = Release|Any CPU
	EndGlobalSection
	GlobalSection(SolutionProperties) = preSolution
		HideSolutionNode = FALSE
	EndGlobalSection
	GlobalSection(ExtensibilityGlobals) = postSolution
		SolutionGuid = {976C9B41-2F5C-4A48-8A31-5FDCF32980DE}
	EndGlobalSection
EndGlobal
